
Microsoft Visual Studio Solution File, Format Version 12.00
# Visual Studio Version 16
VisualStudioVersion = 25.0.1706.1
MinimumVisualStudioVersion = 10.0.40219.1
Project("{FAE04EC0-301F-11D3-BF4B-00C04F79EFBC}") = "Solvar.FileDownload", "Solvar.FileDownload\Solvar.FileDownload.csproj", "{0695C2CA-2643-4C8A-98D2-6DFAF9E40BC5}"
EndProject
Project("{FAE04EC0-301F-11D3-BF4B-00C04F79EFBC}") = "Solvar.FileDownload.Tests", "Solvar.FileDownload.Tests\Solvar.FileDownload.Tests.csproj", "{B88D6A26-DC3C-40ED-9E49-186C83C101EB}"
EndProject
Global
	GlobalSection(SolutionConfigurationPlatforms) = preSolution
		Debug|Any CPU = Debug|Any CPU
		Release|Any CPU = Release|Any CPU
	EndGlobalSection
	GlobalSection(ProjectConfigurationPlatforms) = postSolution
		{0695C2CA-2643-4C8A-98D2-6DFAF9E40BC5}.Debug|Any CPU.ActiveCfg = Debug|Any CPU
		{0695C2CA-2643-4C8A-98D2-6DFAF9E40BC5}.Debug|Any CPU.Build.0 = Debug|Any CPU
		{0695C2CA-2643-4C8A-98D2-6DFAF9E40BC5}.Release|Any CPU.ActiveCfg = Release|Any CPU
		{0695C2CA-2643-4C8A-98D2-6DFAF9E40BC5}.Release|Any CPU.Build.0 = Release|Any CPU
		{B88D6A26-DC3C-40ED-9E49-186C83C101EB}.Debug|Any CPU.ActiveCfg = Debug|Any CPU
		{B88D6A26-DC3C-40ED-9E49-186C83C101EB}.Debug|Any CPU.Build.0 = Debug|Any CPU
		{B88D6A26-DC3C-40ED-9E49-186C83C101EB}.Release|Any CPU.ActiveCfg = Release|Any CPU
		{B88D6A26-DC3C-40ED-9E49-186C83C101EB}.Release|Any CPU.Build.0 = Release|Any CPU
	EndGlobalSection
	GlobalSection(SolutionProperties) = preSolution
		HideSolutionNode = FALSE
	EndGlobalSection
	GlobalSection(ExtensibilityGlobals) = postSolution
		SolutionGuid = {A9D9AA51-B3E4-4736-BA77-E9B5C15CE115}
	EndGlobalSection
EndGlobal
